
Microsoft Visual Studio Solution File, Format Version 12.00
# Visual Studio 15
VisualStudioVersion = 15.0.26430.16
MinimumVisualStudioVersion = 10.0.40219.1
Project("{FAE04EC0-301F-11D3-BF4B-00C04F79EFBC}") = "GigHub", "GigHub\GigHub.csproj", "{9857E4C5-1824-420E-8F4C-E3B3CF3DCCA8}"
EndProject
Project("{FAE04EC0-301F-11D3-BF4B-00C04F79EFBC}") = "GigHub.Tests", "GigHub.Tests\GigHub.Tests.csproj", "{14100485-CD39-4615-813B-EF0BE8875B96}"
EndProject
Global
	GlobalSection(SolutionConfigurationPlatforms) = preSolution
		Debug|Any CPU = Debug|Any CPU
		Release|Any CPU = Release|Any CPU
	EndGlobalSection
	GlobalSection(ProjectConfigurationPlatforms) = postSolution
		{9857E4C5-1824-420E-8F4C-E3B3CF3DCCA8}.Debug|Any CPU.ActiveCfg = Debug|Any CPU
		{9857E4C5-1824-420E-8F4C-E3B3CF3DCCA8}.Debug|Any CPU.Build.0 = Debug|Any CPU
		{9857E4C5-1824-420E-8F4C-E3B3CF3DCCA8}.Release|Any CPU.ActiveCfg = Release|Any CPU
		{9857E4C5-1824-420E-8F4C-E3B3CF3DCCA8}.Release|Any CPU.Build.0 = Release|Any CPU
		{14100485-CD39-4615-813B-EF0BE8875B96}.Debug|Any CPU.ActiveCfg = Debug|Any CPU
		{14100485-CD39-4615-813B-EF0BE8875B96}.Debug|Any CPU.Build.0 = Debug|Any CPU
		{14100485-CD39-4615-813B-EF0BE8875B96}.Release|Any CPU.ActiveCfg = Release|Any CPU
		{14100485-CD39-4615-813B-EF0BE8875B96}.Release|Any CPU.Build.0 = Release|Any CPU
	EndGlobalSection
	GlobalSection(SolutionProperties) = preSolution
		HideSolutionNode = FALSE
	EndGlobalSection
EndGlobal
